
Microsoft Visual Studio Solution File, Format Version 12.00
# Visual Studio Version 16
VisualStudioVersion = 16.0.31624.102
MinimumVisualStudioVersion = 10.0.40219.1
Project("{FAE04EC0-301F-11D3-BF4B-00C04F79EFBC}") = "HotReloadPage", "HotReloadPage\HotReloadPage.csproj", "{E2A95B50-C97E-4B8B-AD77-0FD9411B89A0}"
EndProject
Project("{FAE04EC0-301F-11D3-BF4B-00C04F79EFBC}") = "HotReloadPage.iOS", "HotReloadPage.iOS\HotReloadPage.iOS.csproj", "{DAA89B5C-268F-42A4-AAE0-9B8997FC7A53}"
EndProject
Project("{FAE04EC0-301F-11D3-BF4B-00C04F79EFBC}") = "HotReloadPage.Extension", "HotReloadPage.Extension\HotReloadPage.Extension.csproj", "{E5A404BD-2BF7-4015-BF5F-A3F7328A44AE}"
EndProject
Project("{D954291E-2A0B-460D-934E-DC6B0785DB48}") = "HotReload.Message", "HotReload.Message\HotReload.Message.shproj", "{9F28DD7A-7C88-4FB1-B94D-E1FBE8928436}"
EndProject
Project("{9A19103F-16F7-4668-BE54-9A1E7A4F7556}") = "HotReloadPage.Server.ConsoleApp", "HotReloadPage.Server.ConsoleApp\HotReloadPage.Server.ConsoleApp.csproj", "{12C7D6F8-597D-4D89-B547-950DFD8F2BC0}"
EndProject
Project("{FAE04EC0-301F-11D3-BF4B-00C04F79EFBC}") = "HotReloadPage.Edit.Droid", "HotReloadPage.Edit.Droid\HotReloadPage.Edit.Droid.csproj", "{16429C9F-79DF-45C8-85AC-A817E6E20F69}"
EndProject
Project("{FAE04EC0-301F-11D3-BF4B-00C04F79EFBC}") = "HotReloadPage.Edit.iOS", "HotReloadPage.Edit.iOS\HotReloadPage.Edit.iOS.csproj", "{312B73CD-66DB-4153-ABEC-EB9F1B05E8EA}"
EndProject
Global
	GlobalSection(SharedMSBuildProjectFiles) = preSolution
		HotReload.Message\HotReload.Message.projitems*{12c7d6f8-597d-4d89-b547-950dfd8f2bc0}*SharedItemsImports = 5
		HotReload.Message\HotReload.Message.projitems*{16429c9f-79df-45c8-85ac-a817e6e20f69}*SharedItemsImports = 4
		HotReload.Message\HotReload.Message.projitems*{312b73cd-66db-4153-abec-eb9f1b05e8ea}*SharedItemsImports = 4
		HotReload.Message\HotReload.Message.projitems*{9f28dd7a-7c88-4fb1-b94d-e1fbe8928436}*SharedItemsImports = 13
		HotReload.Message\HotReload.Message.projitems*{e5a404bd-2bf7-4015-bf5f-a3f7328a44ae}*SharedItemsImports = 4
	EndGlobalSection
	GlobalSection(SolutionConfigurationPlatforms) = preSolution
		Debug|Any CPU = Debug|Any CPU
		Debug|iPhone = Debug|iPhone
		Debug|iPhoneSimulator = Debug|iPhoneSimulator
		Debug|x86 = Debug|x86
		Release|Any CPU = Release|Any CPU
		Release|iPhone = Release|iPhone
		Release|iPhoneSimulator = Release|iPhoneSimulator
		Release|x86 = Release|x86
	EndGlobalSection
	GlobalSection(ProjectConfigurationPlatforms) = postSolution
		{E2A95B50-C97E-4B8B-AD77-0FD9411B89A0}.Debug|Any CPU.ActiveCfg = Debug|Any CPU
		{E2A95B50-C97E-4B8B-AD77-0FD9411B89A0}.Debug|Any CPU.Build.0 = Debug|Any CPU
		{E2A95B50-C97E-4B8B-AD77-0FD9411B89A0}.Debug|Any CPU.Deploy.0 = Debug|Any CPU
		{E2A95B50-C97E-4B8B-AD77-0FD9411B89A0}.Debug|iPhone.ActiveCfg = Debug|Any CPU
		{E2A95B50-C97E-4B8B-AD77-0FD9411B89A0}.Debug|iPhone.Build.0 = Debug|Any CPU
		{E2A95B50-C97E-4B8B-AD77-0FD9411B89A0}.Debug|iPhone.Deploy.0 = Debug|Any CPU
		{E2A95B50-C97E-4B8B-AD77-0FD9411B89A0}.Debug|iPhoneSimulator.ActiveCfg = Debug|Any CPU
		{E2A95B50-C97E-4B8B-AD77-0FD9411B89A0}.Debug|iPhoneSimulator.Build.0 = Debug|Any CPU
		{E2A95B50-C97E-4B8B-AD77-0FD9411B89A0}.Debug|iPhoneSimulator.Deploy.0 = Debug|Any CPU
		{E2A95B50-C97E-4B8B-AD77-0FD9411B89A0}.Debug|x86.ActiveCfg = Debug|Any CPU
		{E2A95B50-C97E-4B8B-AD77-0FD9411B89A0}.Debug|x86.Build.0 = Debug|Any CPU
		{E2A95B50-C97E-4B8B-AD77-0FD9411B89A0}.Debug|x86.Deploy.0 = Debug|Any CPU
		{E2A95B50-C97E-4B8B-AD77-0FD9411B89A0}.Release|Any CPU.ActiveCfg = Release|Any CPU
		{E2A95B50-C97E-4B8B-AD77-0FD9411B89A0}.Release|Any CPU.Build.0 = Release|Any CPU
		{E2A95B50-C97E-4B8B-AD77-0FD9411B89A0}.Release|Any CPU.Deploy.0 = Release|Any CPU
		{E2A95B50-C97E-4B8B-AD77-0FD9411B89A0}.Release|iPhone.ActiveCfg = Release|Any CPU
		{E2A95B50-C97E-4B8B-AD77-0FD9411B89A0}.Release|iPhone.Build.0 = Release|Any CPU
		{E2A95B50-C97E-4B8B-AD77-0FD9411B89A0}.Release|iPhone.Deploy.0 = Release|Any CPU
		{E2A95B50-C97E-4B8B-AD77-0FD9411B89A0}.Release|iPhoneSimulator.ActiveCfg = Release|Any CPU
		{E2A95B50-C97E-4B8B-AD77-0FD9411B89A0}.Release|iPhoneSimulator.Build.0 = Release|Any CPU
		{E2A95B50-C97E-4B8B-AD77-0FD9411B89A0}.Release|iPhoneSimulator.Deploy.0 = Release|Any CPU
		{E2A95B50-C97E-4B8B-AD77-0FD9411B89A0}.Release|x86.ActiveCfg = Release|Any CPU
		{E2A95B50-C97E-4B8B-AD77-0FD9411B89A0}.Release|x86.Build.0 = Release|Any CPU
		{E2A95B50-C97E-4B8B-AD77-0FD9411B89A0}.Release|x86.Deploy.0 = Release|Any CPU
		{DAA89B5C-268F-42A4-AAE0-9B8997FC7A53}.Debug|Any CPU.ActiveCfg = Debug|iPhoneSimulator
		{DAA89B5C-268F-42A4-AAE0-9B8997FC7A53}.Debug|iPhone.ActiveCfg = Debug|iPhone
		{DAA89B5C-268F-42A4-AAE0-9B8997FC7A53}.Debug|iPhone.Build.0 = Debug|iPhone
		{DAA89B5C-268F-42A4-AAE0-9B8997FC7A53}.Debug|iPhoneSimulator.ActiveCfg = Debug|iPhoneSimulator
		{DAA89B5C-268F-42A4-AAE0-9B8997FC7A53}.Debug|iPhoneSimulator.Build.0 = Debug|iPhoneSimulator
		{DAA89B5C-268F-42A4-AAE0-9B8997FC7A53}.Debug|x86.ActiveCfg = Debug|iPhoneSimulator
		{DAA89B5C-268F-42A4-AAE0-9B8997FC7A53}.Release|Any CPU.ActiveCfg = Release|iPhoneSimulator
		{DAA89B5C-268F-42A4-AAE0-9B8997FC7A53}.Release|iPhone.ActiveCfg = Release|iPhone
		{DAA89B5C-268F-42A4-AAE0-9B8997FC7A53}.Release|iPhone.Build.0 = Release|iPhone
		{DAA89B5C-268F-42A4-AAE0-9B8997FC7A53}.Release|iPhoneSimulator.ActiveCfg = Release|iPhoneSimulator
		{DAA89B5C-268F-42A4-AAE0-9B8997FC7A53}.Release|iPhoneSimulator.Build.0 = Release|iPhoneSimulator
		{DAA89B5C-268F-42A4-AAE0-9B8997FC7A53}.Release|x86.ActiveCfg = Release|iPhoneSimulator
		{E5A404BD-2BF7-4015-BF5F-A3F7328A44AE}.Debug|Any CPU.ActiveCfg = Debug|Any CPU
		{E5A404BD-2BF7-4015-BF5F-A3F7328A44AE}.Debug|Any CPU.Build.0 = Debug|Any CPU
		{E5A404BD-2BF7-4015-BF5F-A3F7328A44AE}.Debug|iPhone.ActiveCfg = Debug|Any CPU
		{E5A404BD-2BF7-4015-BF5F-A3F7328A44AE}.Debug|iPhone.Build.0 = Debug|Any CPU
		{E5A404BD-2BF7-4015-BF5F-A3F7328A44AE}.Debug|iPhoneSimulator.ActiveCfg = Debug|Any CPU
		{E5A404BD-2BF7-4015-BF5F-A3F7328A44AE}.Debug|iPhoneSimulator.Build.0 = Debug|Any CPU
		{E5A404BD-2BF7-4015-BF5F-A3F7328A44AE}.Debug|x86.ActiveCfg = Debug|x86
		{E5A404BD-2BF7-4015-BF5F-A3F7328A44AE}.Debug|x86.Build.0 = Debug|x86
		{E5A404BD-2BF7-4015-BF5F-A3F7328A44AE}.Release|Any CPU.ActiveCfg = Release|Any CPU
		{E5A404BD-2BF7-4015-BF5F-A3F7328A44AE}.Release|Any CPU.Build.0 = Release|Any CPU
		{E5A404BD-2BF7-4015-BF5F-A3F7328A44AE}.Release|iPhone.ActiveCfg = Release|Any CPU
		{E5A404BD-2BF7-4015-BF5F-A3F7328A44AE}.Release|iPhone.Build.0 = Release|Any CPU
		{E5A404BD-2BF7-4015-BF5F-A3F7328A44AE}.Release|iPhoneSimulator.ActiveCfg = Release|Any CPU
		{E5A404BD-2BF7-4015-BF5F-A3F7328A44AE}.Release|iPhoneSimulator.Build.0 = Release|Any CPU
		{E5A404BD-2BF7-4015-BF5F-A3F7328A44AE}.Release|x86.ActiveCfg = Release|x86
		{E5A404BD-2BF7-4015-BF5F-A3F7328A44AE}.Release|x86.Build.0 = Release|x86
		{12C7D6F8-597D-4D89-B547-950DFD8F2BC0}.Debug|Any CPU.ActiveCfg = Debug|Any CPU
		{12C7D6F8-597D-4D89-B547-950DFD8F2BC0}.Debug|Any CPU.Build.0 = Debug|Any CPU
		{12C7D6F8-597D-4D89-B547-950DFD8F2BC0}.Debug|iPhone.ActiveCfg = Debug|Any CPU
		{12C7D6F8-597D-4D89-B547-950DFD8F2BC0}.Debug|iPhone.Build.0 = Debug|Any CPU
		{12C7D6F8-597D-4D89-B547-950DFD8F2BC0}.Debug|iPhoneSimulator.ActiveCfg = Debug|Any CPU
		{12C7D6F8-597D-4D89-B547-950DFD8F2BC0}.Debug|iPhoneSimulator.Build.0 = Debug|Any CPU
		{12C7D6F8-597D-4D89-B547-950DFD8F2BC0}.Debug|x86.ActiveCfg = Debug|Any CPU
		{12C7D6F8-597D-4D89-B547-950DFD8F2BC0}.Debug|x86.Build.0 = Debug|Any CPU
		{12C7D6F8-597D-4D89-B547-950DFD8F2BC0}.Release|Any CPU.ActiveCfg = Release|Any CPU
		{12C7D6F8-597D-4D89-B547-950DFD8F2BC0}.Release|Any CPU.Build.0 = Release|Any CPU
		{12C7D6F8-597D-4D89-B547-950DFD8F2BC0}.Release|iPhone.ActiveCfg = Release|Any CPU
		{12C7D6F8-597D-4D89-B547-950DFD8F2BC0}.Release|iPhone.Build.0 = Release|Any CPU
		{12C7D6F8-597D-4D89-B547-950DFD8F2BC0}.Release|iPhoneSimulator.ActiveCfg = Release|Any CPU
		{12C7D6F8-597D-4D89-B547-950DFD8F2BC0}.Release|iPhoneSimulator.Build.0 = Release|Any CPU
		{12C7D6F8-597D-4D89-B547-950DFD8F2BC0}.Release|x86.ActiveCfg = Release|Any CPU
		{12C7D6F8-597D-4D89-B547-950DFD8F2BC0}.Release|x86.Build.0 = Release|Any CPU
		{16429C9F-79DF-45C8-85AC-A817E6E20F69}.Debug|Any CPU.ActiveCfg = Debug|Any CPU
		{16429C9F-79DF-45C8-85AC-A817E6E20F69}.Debug|Any CPU.Build.0 = Debug|Any CPU
		{16429C9F-79DF-45C8-85AC-A817E6E20F69}.Debug|iPhone.ActiveCfg = Debug|Any CPU
		{16429C9F-79DF-45C8-85AC-A817E6E20F69}.Debug|iPhone.Build.0 = Debug|Any CPU
		{16429C9F-79DF-45C8-85AC-A817E6E20F69}.Debug|iPhoneSimulator.ActiveCfg = Debug|Any CPU
		{16429C9F-79DF-45C8-85AC-A817E6E20F69}.Debug|iPhoneSimulator.Build.0 = Debug|Any CPU
		{16429C9F-79DF-45C8-85AC-A817E6E20F69}.Debug|x86.ActiveCfg = Debug|Any CPU
		{16429C9F-79DF-45C8-85AC-A817E6E20F69}.Debug|x86.Build.0 = Debug|Any CPU
		{16429C9F-79DF-45C8-85AC-A817E6E20F69}.Release|Any CPU.ActiveCfg = Release|Any CPU
		{16429C9F-79DF-45C8-85AC-A817E6E20F69}.Release|Any CPU.Build.0 = Release|Any CPU
		{16429C9F-79DF-45C8-85AC-A817E6E20F69}.Release|iPhone.ActiveCfg = Release|Any CPU
		{16429C9F-79DF-45C8-85AC-A817E6E20F69}.Release|iPhone.Build.0 = Release|Any CPU
		{16429C9F-79DF-45C8-85AC-A817E6E20F69}.Release|iPhoneSimulator.ActiveCfg = Release|Any CPU
		{16429C9F-79DF-45C8-85AC-A817E6E20F69}.Release|iPhoneSimulator.Build.0 = Release|Any CPU
		{16429C9F-79DF-45C8-85AC-A817E6E20F69}.Release|x86.ActiveCfg = Release|Any CPU
		{16429C9F-79DF-45C8-85AC-A817E6E20F69}.Release|x86.Build.0 = Release|Any CPU
		{312B73CD-66DB-4153-ABEC-EB9F1B05E8EA}.Debug|Any CPU.ActiveCfg = Debug|Any CPU
		{312B73CD-66DB-4153-ABEC-EB9F1B05E8EA}.Debug|Any CPU.Build.0 = Debug|Any CPU
		{312B73CD-66DB-4153-ABEC-EB9F1B05E8EA}.Debug|iPhone.ActiveCfg = Debug|Any CPU
		{312B73CD-66DB-4153-ABEC-EB9F1B05E8EA}.Debug|iPhone.Build.0 = Debug|Any CPU
		{312B73CD-66DB-4153-ABEC-EB9F1B05E8EA}.Debug|iPhoneSimulator.ActiveCfg = Debug|Any CPU
		{312B73CD-66DB-4153-ABEC-EB9F1B05E8EA}.Debug|iPhoneSimulator.Build.0 = Debug|Any CPU
		{312B73CD-66DB-4153-ABEC-EB9F1B05E8EA}.Debug|x86.ActiveCfg = Debug|Any CPU
		{312B73CD-66DB-4153-ABEC-EB9F1B05E8EA}.Debug|x86.Build.0 = Debug|Any CPU
		{312B73CD-66DB-4153-ABEC-EB9F1B05E8EA}.Release|Any CPU.ActiveCfg = Release|Any CPU
		{312B73CD-66DB-4153-ABEC-EB9F1B05E8EA}.Release|Any CPU.Build.0 = Release|Any CPU
		{312B73CD-66DB-4153-ABEC-EB9F1B05E8EA}.Release|iPhone.ActiveCfg = Release|Any CPU
		{312B73CD-66DB-4153-ABEC-EB9F1B05E8EA}.Release|iPhone.Build.0 = Release|Any CPU
		{312B73CD-66DB-4153-ABEC-EB9F1B05E8EA}.Release|iPhoneSimulator.ActiveCfg = Release|Any CPU
		{312B73CD-66DB-4153-ABEC-EB9F1B05E8EA}.Release|iPhoneSimulator.Build.0 = Release|Any CPU
		{312B73CD-66DB-4153-ABEC-EB9F1B05E8EA}.Release|x86.ActiveCfg = Release|Any CPU
		{312B73CD-66DB-4153-ABEC-EB9F1B05E8EA}.Release|x86.Build.0 = Release|Any CPU
	EndGlobalSection
	GlobalSection(SolutionProperties) = preSolution
		HideSolutionNode = FALSE
	EndGlobalSection
	GlobalSection(ExtensibilityGlobals) = postSolution
		SolutionGuid = {38DC20EB-02F2-45D6-8194-3C1B58C056FD}
	EndGlobalSection
EndGlobal
