
Microsoft Visual Studio Solution File, Format Version 12.00
# Visual Studio Version 17
VisualStudioVersion = 17.0.31808.319
MinimumVisualStudioVersion = 10.0.40219.1
Project("{FAE04EC0-301F-11D3-BF4B-00C04F79EFBC}") = "ReloadPreview.Droid", "ReloadPreview.Droid\ReloadPreview.Droid.csproj", "{97A89BA6-A56B-4134-9C31-4B127D408A22}"
EndProject
Project("{D954291E-2A0B-460D-934E-DC6B0785DB48}") = "ReloadPreview", "ReloadPreview\ReloadPreview.shproj", "{9F28DD7A-7C88-4FB1-B94D-E1FBE8928436}"
EndProject
Project("{FAE04EC0-301F-11D3-BF4B-00C04F79EFBC}") = "ReloadPreview.iOS", "ReloadPreview.iOS\ReloadPreview.iOS.csproj", "{DB002C82-550B-4034-825E-1F73BAC176F2}"
EndProject
Project("{FAE04EC0-301F-11D3-BF4B-00C04F79EFBC}") = "ReloadPreview.Mac", "ReloadPreview.Mac\ReloadPreview.Mac.csproj", "{B83BCC8A-CA02-4630-97C6-C0C648CB9087}"
EndProject
Project("{9A19103F-16F7-4668-BE54-9A1E7A4F7556}") = "ReloadPreview.Server.ConsoleApp", "ReloadPreview.Server.ConsoleApp\ReloadPreview.Server.ConsoleApp.csproj", "{128AE3AC-7283-494A-97A3-893F3D3A68D7}"
EndProject
Project("{9A19103F-16F7-4668-BE54-9A1E7A4F7556}") = "ReloadPreview.Wpf", "ReloadPreview.Wpf\ReloadPreview.Wpf.csproj", "{E0BD3DB6-9250-4D4C-9D78-BE132A2B6496}"
EndProject
Project("{FAE04EC0-301F-11D3-BF4B-00C04F79EFBC}") = "ReloadPreview.Extension", "ReloadPreview.Extension\ReloadPreview.Extension.csproj", "{2A8114C2-3844-4A68-A81A-AB37C4452CD6}"
EndProject
Project("{9A19103F-16F7-4668-BE54-9A1E7A4F7556}") = "ReloadPreview.Standard", "ReloadPreview.Standard\ReloadPreview.Standard.csproj", "{DA4E61A8-AEF4-4608-823D-018C3C1043B8}"
EndProject
Global
	GlobalSection(SharedMSBuildProjectFiles) = preSolution
		ReloadPreview\ReloadPreview.projitems*{128ae3ac-7283-494a-97a3-893f3d3a68d7}*SharedItemsImports = 5
		ReloadPreview\ReloadPreview.projitems*{97a89ba6-a56b-4134-9c31-4b127d408a22}*SharedItemsImports = 4
		ReloadPreview\ReloadPreview.projitems*{9f28dd7a-7c88-4fb1-b94d-e1fbe8928436}*SharedItemsImports = 13
		ReloadPreview\ReloadPreview.projitems*{da4e61a8-aef4-4608-823d-018c3c1043b8}*SharedItemsImports = 5
		ReloadPreview\ReloadPreview.projitems*{db002c82-550b-4034-825e-1f73bac176f2}*SharedItemsImports = 4
		ReloadPreview\ReloadPreview.projitems*{e0bd3db6-9250-4d4c-9d78-be132a2b6496}*SharedItemsImports = 5
	EndGlobalSection
	GlobalSection(SolutionConfigurationPlatforms) = preSolution
		Deb|Any CPU = Deb|Any CPU
		Deb|ARM = Deb|ARM
		Deb|ARM64 = Deb|ARM64
		Deb|x64 = Deb|x64
		Deb|x86 = Deb|x86
		Debug|Any CPU = Debug|Any CPU
		Debug|ARM = Debug|ARM
		Debug|ARM64 = Debug|ARM64
		Debug|x64 = Debug|x64
		Debug|x86 = Debug|x86
		Release|Any CPU = Release|Any CPU
		Release|ARM = Release|ARM
		Release|ARM64 = Release|ARM64
		Release|x64 = Release|x64
		Release|x86 = Release|x86
	EndGlobalSection
	GlobalSection(ProjectConfigurationPlatforms) = postSolution
		{97A89BA6-A56B-4134-9C31-4B127D408A22}.Deb|Any CPU.ActiveCfg = Deb|Any CPU
		{97A89BA6-A56B-4134-9C31-4B127D408A22}.Deb|Any CPU.Build.0 = Deb|Any CPU
		{97A89BA6-A56B-4134-9C31-4B127D408A22}.Deb|ARM.ActiveCfg = Deb|Any CPU
		{97A89BA6-A56B-4134-9C31-4B127D408A22}.Deb|ARM.Build.0 = Deb|Any CPU
		{97A89BA6-A56B-4134-9C31-4B127D408A22}.Deb|ARM64.ActiveCfg = Deb|Any CPU
		{97A89BA6-A56B-4134-9C31-4B127D408A22}.Deb|ARM64.Build.0 = Deb|Any CPU
		{97A89BA6-A56B-4134-9C31-4B127D408A22}.Deb|x64.ActiveCfg = Deb|Any CPU
		{97A89BA6-A56B-4134-9C31-4B127D408A22}.Deb|x64.Build.0 = Deb|Any CPU
		{97A89BA6-A56B-4134-9C31-4B127D408A22}.Deb|x86.ActiveCfg = Deb|Any CPU
		{97A89BA6-A56B-4134-9C31-4B127D408A22}.Deb|x86.Build.0 = Deb|Any CPU
		{97A89BA6-A56B-4134-9C31-4B127D408A22}.Debug|Any CPU.ActiveCfg = Debug|Any CPU
		{97A89BA6-A56B-4134-9C31-4B127D408A22}.Debug|Any CPU.Build.0 = Debug|Any CPU
		{97A89BA6-A56B-4134-9C31-4B127D408A22}.Debug|ARM.ActiveCfg = Debug|Any CPU
		{97A89BA6-A56B-4134-9C31-4B127D408A22}.Debug|ARM.Build.0 = Debug|Any CPU
		{97A89BA6-A56B-4134-9C31-4B127D408A22}.Debug|ARM64.ActiveCfg = Debug|Any CPU
		{97A89BA6-A56B-4134-9C31-4B127D408A22}.Debug|ARM64.Build.0 = Debug|Any CPU
		{97A89BA6-A56B-4134-9C31-4B127D408A22}.Debug|x64.ActiveCfg = Debug|Any CPU
		{97A89BA6-A56B-4134-9C31-4B127D408A22}.Debug|x64.Build.0 = Debug|Any CPU
		{97A89BA6-A56B-4134-9C31-4B127D408A22}.Debug|x86.ActiveCfg = Debug|Any CPU
		{97A89BA6-A56B-4134-9C31-4B127D408A22}.Debug|x86.Build.0 = Debug|Any CPU
		{97A89BA6-A56B-4134-9C31-4B127D408A22}.Release|Any CPU.ActiveCfg = Release|Any CPU
		{97A89BA6-A56B-4134-9C31-4B127D408A22}.Release|Any CPU.Build.0 = Release|Any CPU
		{97A89BA6-A56B-4134-9C31-4B127D408A22}.Release|ARM.ActiveCfg = Release|Any CPU
		{97A89BA6-A56B-4134-9C31-4B127D408A22}.Release|ARM.Build.0 = Release|Any CPU
		{97A89BA6-A56B-4134-9C31-4B127D408A22}.Release|ARM64.ActiveCfg = Release|Any CPU
		{97A89BA6-A56B-4134-9C31-4B127D408A22}.Release|ARM64.Build.0 = Release|Any CPU
		{97A89BA6-A56B-4134-9C31-4B127D408A22}.Release|x64.ActiveCfg = Release|Any CPU
		{97A89BA6-A56B-4134-9C31-4B127D408A22}.Release|x64.Build.0 = Release|Any CPU
		{97A89BA6-A56B-4134-9C31-4B127D408A22}.Release|x86.ActiveCfg = Release|Any CPU
		{97A89BA6-A56B-4134-9C31-4B127D408A22}.Release|x86.Build.0 = Release|Any CPU
		{DB002C82-550B-4034-825E-1F73BAC176F2}.Deb|Any CPU.ActiveCfg = Deb|Any CPU
		{DB002C82-550B-4034-825E-1F73BAC176F2}.Deb|Any CPU.Build.0 = Deb|Any CPU
		{DB002C82-550B-4034-825E-1F73BAC176F2}.Deb|ARM.ActiveCfg = Deb|Any CPU
		{DB002C82-550B-4034-825E-1F73BAC176F2}.Deb|ARM.Build.0 = Deb|Any CPU
		{DB002C82-550B-4034-825E-1F73BAC176F2}.Deb|ARM64.ActiveCfg = Deb|Any CPU
		{DB002C82-550B-4034-825E-1F73BAC176F2}.Deb|ARM64.Build.0 = Deb|Any CPU
		{DB002C82-550B-4034-825E-1F73BAC176F2}.Deb|x64.ActiveCfg = Deb|Any CPU
		{DB002C82-550B-4034-825E-1F73BAC176F2}.Deb|x64.Build.0 = Deb|Any CPU
		{DB002C82-550B-4034-825E-1F73BAC176F2}.Deb|x86.ActiveCfg = Deb|Any CPU
		{DB002C82-550B-4034-825E-1F73BAC176F2}.Deb|x86.Build.0 = Deb|Any CPU
		{DB002C82-550B-4034-825E-1F73BAC176F2}.Debug|Any CPU.ActiveCfg = Debug|Any CPU
		{DB002C82-550B-4034-825E-1F73BAC176F2}.Debug|Any CPU.Build.0 = Debug|Any CPU
		{DB002C82-550B-4034-825E-1F73BAC176F2}.Debug|ARM.ActiveCfg = Debug|Any CPU
		{DB002C82-550B-4034-825E-1F73BAC176F2}.Debug|ARM.Build.0 = Debug|Any CPU
		{DB002C82-550B-4034-825E-1F73BAC176F2}.Debug|ARM64.ActiveCfg = Debug|Any CPU
		{DB002C82-550B-4034-825E-1F73BAC176F2}.Debug|ARM64.Build.0 = Debug|Any CPU
		{DB002C82-550B-4034-825E-1F73BAC176F2}.Debug|x64.ActiveCfg = Debug|Any CPU
		{DB002C82-550B-4034-825E-1F73BAC176F2}.Debug|x64.Build.0 = Debug|Any CPU
		{DB002C82-550B-4034-825E-1F73BAC176F2}.Debug|x86.ActiveCfg = Debug|Any CPU
		{DB002C82-550B-4034-825E-1F73BAC176F2}.Debug|x86.Build.0 = Debug|Any CPU
		{DB002C82-550B-4034-825E-1F73BAC176F2}.Release|Any CPU.ActiveCfg = Release|Any CPU
		{DB002C82-550B-4034-825E-1F73BAC176F2}.Release|Any CPU.Build.0 = Release|Any CPU
		{DB002C82-550B-4034-825E-1F73BAC176F2}.Release|ARM.ActiveCfg = Release|Any CPU
		{DB002C82-550B-4034-825E-1F73BAC176F2}.Release|ARM.Build.0 = Release|Any CPU
		{DB002C82-550B-4034-825E-1F73BAC176F2}.Release|ARM64.ActiveCfg = Release|Any CPU
		{DB002C82-550B-4034-825E-1F73BAC176F2}.Release|ARM64.Build.0 = Release|Any CPU
		{DB002C82-550B-4034-825E-1F73BAC176F2}.Release|x64.ActiveCfg = Release|Any CPU
		{DB002C82-550B-4034-825E-1F73BAC176F2}.Release|x64.Build.0 = Release|Any CPU
		{DB002C82-550B-4034-825E-1F73BAC176F2}.Release|x86.ActiveCfg = Release|Any CPU
		{DB002C82-550B-4034-825E-1F73BAC176F2}.Release|x86.Build.0 = Release|Any CPU
		{B83BCC8A-CA02-4630-97C6-C0C648CB9087}.Deb|Any CPU.ActiveCfg = Deb|Any CPU
		{B83BCC8A-CA02-4630-97C6-C0C648CB9087}.Deb|Any CPU.Build.0 = Deb|Any CPU
		{B83BCC8A-CA02-4630-97C6-C0C648CB9087}.Deb|ARM.ActiveCfg = Deb|Any CPU
		{B83BCC8A-CA02-4630-97C6-C0C648CB9087}.Deb|ARM.Build.0 = Deb|Any CPU
		{B83BCC8A-CA02-4630-97C6-C0C648CB9087}.Deb|ARM64.ActiveCfg = Deb|Any CPU
		{B83BCC8A-CA02-4630-97C6-C0C648CB9087}.Deb|ARM64.Build.0 = Deb|Any CPU
		{B83BCC8A-CA02-4630-97C6-C0C648CB9087}.Deb|x64.ActiveCfg = Deb|Any CPU
		{B83BCC8A-CA02-4630-97C6-C0C648CB9087}.Deb|x64.Build.0 = Deb|Any CPU
		{B83BCC8A-CA02-4630-97C6-C0C648CB9087}.Deb|x86.ActiveCfg = Deb|Any CPU
		{B83BCC8A-CA02-4630-97C6-C0C648CB9087}.Deb|x86.Build.0 = Deb|Any CPU
		{B83BCC8A-CA02-4630-97C6-C0C648CB9087}.Debug|Any CPU.ActiveCfg = Debug|Any CPU
		{B83BCC8A-CA02-4630-97C6-C0C648CB9087}.Debug|Any CPU.Build.0 = Debug|Any CPU
		{B83BCC8A-CA02-4630-97C6-C0C648CB9087}.Debug|ARM.ActiveCfg = Debug|Any CPU
		{B83BCC8A-CA02-4630-97C6-C0C648CB9087}.Debug|ARM.Build.0 = Debug|Any CPU
		{B83BCC8A-CA02-4630-97C6-C0C648CB9087}.Debug|ARM64.ActiveCfg = Debug|Any CPU
		{B83BCC8A-CA02-4630-97C6-C0C648CB9087}.Debug|ARM64.Build.0 = Debug|Any CPU
		{B83BCC8A-CA02-4630-97C6-C0C648CB9087}.Debug|x64.ActiveCfg = Debug|Any CPU
		{B83BCC8A-CA02-4630-97C6-C0C648CB9087}.Debug|x64.Build.0 = Debug|Any CPU
		{B83BCC8A-CA02-4630-97C6-C0C648CB9087}.Debug|x86.ActiveCfg = Debug|Any CPU
		{B83BCC8A-CA02-4630-97C6-C0C648CB9087}.Debug|x86.Build.0 = Debug|Any CPU
		{B83BCC8A-CA02-4630-97C6-C0C648CB9087}.Release|Any CPU.ActiveCfg = Release|Any CPU
		{B83BCC8A-CA02-4630-97C6-C0C648CB9087}.Release|Any CPU.Build.0 = Release|Any CPU
		{B83BCC8A-CA02-4630-97C6-C0C648CB9087}.Release|ARM.ActiveCfg = Release|Any CPU
		{B83BCC8A-CA02-4630-97C6-C0C648CB9087}.Release|ARM.Build.0 = Release|Any CPU
		{B83BCC8A-CA02-4630-97C6-C0C648CB9087}.Release|ARM64.ActiveCfg = Release|Any CPU
		{B83BCC8A-CA02-4630-97C6-C0C648CB9087}.Release|ARM64.Build.0 = Release|Any CPU
		{B83BCC8A-CA02-4630-97C6-C0C648CB9087}.Release|x64.ActiveCfg = Release|Any CPU
		{B83BCC8A-CA02-4630-97C6-C0C648CB9087}.Release|x64.Build.0 = Release|Any CPU
		{B83BCC8A-CA02-4630-97C6-C0C648CB9087}.Release|x86.ActiveCfg = Release|Any CPU
		{B83BCC8A-CA02-4630-97C6-C0C648CB9087}.Release|x86.Build.0 = Release|Any CPU
		{128AE3AC-7283-494A-97A3-893F3D3A68D7}.Deb|Any CPU.ActiveCfg = Deb|Any CPU
		{128AE3AC-7283-494A-97A3-893F3D3A68D7}.Deb|Any CPU.Build.0 = Deb|Any CPU
		{128AE3AC-7283-494A-97A3-893F3D3A68D7}.Deb|ARM.ActiveCfg = Deb|Any CPU
		{128AE3AC-7283-494A-97A3-893F3D3A68D7}.Deb|ARM.Build.0 = Deb|Any CPU
		{128AE3AC-7283-494A-97A3-893F3D3A68D7}.Deb|ARM64.ActiveCfg = Deb|Any CPU
		{128AE3AC-7283-494A-97A3-893F3D3A68D7}.Deb|ARM64.Build.0 = Deb|Any CPU
		{128AE3AC-7283-494A-97A3-893F3D3A68D7}.Deb|x64.ActiveCfg = Deb|Any CPU
		{128AE3AC-7283-494A-97A3-893F3D3A68D7}.Deb|x64.Build.0 = Deb|Any CPU
		{128AE3AC-7283-494A-97A3-893F3D3A68D7}.Deb|x86.ActiveCfg = Deb|Any CPU
		{128AE3AC-7283-494A-97A3-893F3D3A68D7}.Deb|x86.Build.0 = Deb|Any CPU
		{128AE3AC-7283-494A-97A3-893F3D3A68D7}.Debug|Any CPU.ActiveCfg = Debug|Any CPU
		{128AE3AC-7283-494A-97A3-893F3D3A68D7}.Debug|Any CPU.Build.0 = Debug|Any CPU
		{128AE3AC-7283-494A-97A3-893F3D3A68D7}.Debug|ARM.ActiveCfg = Debug|Any CPU
		{128AE3AC-7283-494A-97A3-893F3D3A68D7}.Debug|ARM.Build.0 = Debug|Any CPU
		{128AE3AC-7283-494A-97A3-893F3D3A68D7}.Debug|ARM64.ActiveCfg = Debug|Any CPU
		{128AE3AC-7283-494A-97A3-893F3D3A68D7}.Debug|ARM64.Build.0 = Debug|Any CPU
		{128AE3AC-7283-494A-97A3-893F3D3A68D7}.Debug|x64.ActiveCfg = Debug|Any CPU
		{128AE3AC-7283-494A-97A3-893F3D3A68D7}.Debug|x64.Build.0 = Debug|Any CPU
		{128AE3AC-7283-494A-97A3-893F3D3A68D7}.Debug|x86.ActiveCfg = Debug|Any CPU
		{128AE3AC-7283-494A-97A3-893F3D3A68D7}.Debug|x86.Build.0 = Debug|Any CPU
		{128AE3AC-7283-494A-97A3-893F3D3A68D7}.Release|Any CPU.ActiveCfg = Release|Any CPU
		{128AE3AC-7283-494A-97A3-893F3D3A68D7}.Release|Any CPU.Build.0 = Release|Any CPU
		{128AE3AC-7283-494A-97A3-893F3D3A68D7}.Release|ARM.ActiveCfg = Release|Any CPU
		{128AE3AC-7283-494A-97A3-893F3D3A68D7}.Release|ARM.Build.0 = Release|Any CPU
		{128AE3AC-7283-494A-97A3-893F3D3A68D7}.Release|ARM64.ActiveCfg = Release|Any CPU
		{128AE3AC-7283-494A-97A3-893F3D3A68D7}.Release|ARM64.Build.0 = Release|Any CPU
		{128AE3AC-7283-494A-97A3-893F3D3A68D7}.Release|x64.ActiveCfg = Release|Any CPU
		{128AE3AC-7283-494A-97A3-893F3D3A68D7}.Release|x64.Build.0 = Release|Any CPU
		{128AE3AC-7283-494A-97A3-893F3D3A68D7}.Release|x86.ActiveCfg = Release|Any CPU
		{128AE3AC-7283-494A-97A3-893F3D3A68D7}.Release|x86.Build.0 = Release|Any CPU
		{E0BD3DB6-9250-4D4C-9D78-BE132A2B6496}.Deb|Any CPU.ActiveCfg = Deb|Any CPU
		{E0BD3DB6-9250-4D4C-9D78-BE132A2B6496}.Deb|Any CPU.Build.0 = Deb|Any CPU
		{E0BD3DB6-9250-4D4C-9D78-BE132A2B6496}.Deb|ARM.ActiveCfg = Deb|Any CPU
		{E0BD3DB6-9250-4D4C-9D78-BE132A2B6496}.Deb|ARM.Build.0 = Deb|Any CPU
		{E0BD3DB6-9250-4D4C-9D78-BE132A2B6496}.Deb|ARM64.ActiveCfg = Deb|Any CPU
		{E0BD3DB6-9250-4D4C-9D78-BE132A2B6496}.Deb|ARM64.Build.0 = Deb|Any CPU
		{E0BD3DB6-9250-4D4C-9D78-BE132A2B6496}.Deb|x64.ActiveCfg = Deb|Any CPU
		{E0BD3DB6-9250-4D4C-9D78-BE132A2B6496}.Deb|x64.Build.0 = Deb|Any CPU
		{E0BD3DB6-9250-4D4C-9D78-BE132A2B6496}.Deb|x86.ActiveCfg = Deb|Any CPU
		{E0BD3DB6-9250-4D4C-9D78-BE132A2B6496}.Deb|x86.Build.0 = Deb|Any CPU
		{E0BD3DB6-9250-4D4C-9D78-BE132A2B6496}.Debug|Any CPU.ActiveCfg = Debug|Any CPU
		{E0BD3DB6-9250-4D4C-9D78-BE132A2B6496}.Debug|Any CPU.Build.0 = Debug|Any CPU
		{E0BD3DB6-9250-4D4C-9D78-BE132A2B6496}.Debug|ARM.ActiveCfg = Debug|Any CPU
		{E0BD3DB6-9250-4D4C-9D78-BE132A2B6496}.Debug|ARM.Build.0 = Debug|Any CPU
		{E0BD3DB6-9250-4D4C-9D78-BE132A2B6496}.Debug|ARM64.ActiveCfg = Debug|Any CPU
		{E0BD3DB6-9250-4D4C-9D78-BE132A2B6496}.Debug|ARM64.Build.0 = Debug|Any CPU
		{E0BD3DB6-9250-4D4C-9D78-BE132A2B6496}.Debug|x64.ActiveCfg = Debug|Any CPU
		{E0BD3DB6-9250-4D4C-9D78-BE132A2B6496}.Debug|x64.Build.0 = Debug|Any CPU
		{E0BD3DB6-9250-4D4C-9D78-BE132A2B6496}.Debug|x86.ActiveCfg = Debug|Any CPU
		{E0BD3DB6-9250-4D4C-9D78-BE132A2B6496}.Debug|x86.Build.0 = Debug|Any CPU
		{E0BD3DB6-9250-4D4C-9D78-BE132A2B6496}.Release|Any CPU.ActiveCfg = Release|Any CPU
		{E0BD3DB6-9250-4D4C-9D78-BE132A2B6496}.Release|Any CPU.Build.0 = Release|Any CPU
		{E0BD3DB6-9250-4D4C-9D78-BE132A2B6496}.Release|ARM.ActiveCfg = Release|Any CPU
		{E0BD3DB6-9250-4D4C-9D78-BE132A2B6496}.Release|ARM.Build.0 = Release|Any CPU
		{E0BD3DB6-9250-4D4C-9D78-BE132A2B6496}.Release|ARM64.ActiveCfg = Release|Any CPU
		{E0BD3DB6-9250-4D4C-9D78-BE132A2B6496}.Release|ARM64.Build.0 = Release|Any CPU
		{E0BD3DB6-9250-4D4C-9D78-BE132A2B6496}.Release|x64.ActiveCfg = Release|Any CPU
		{E0BD3DB6-9250-4D4C-9D78-BE132A2B6496}.Release|x64.Build.0 = Release|Any CPU
		{E0BD3DB6-9250-4D4C-9D78-BE132A2B6496}.Release|x86.ActiveCfg = Release|Any CPU
		{E0BD3DB6-9250-4D4C-9D78-BE132A2B6496}.Release|x86.Build.0 = Release|Any CPU
		{2A8114C2-3844-4A68-A81A-AB37C4452CD6}.Deb|Any CPU.ActiveCfg = Debug|Any CPU
		{2A8114C2-3844-4A68-A81A-AB37C4452CD6}.Deb|Any CPU.Build.0 = Debug|Any CPU
		{2A8114C2-3844-4A68-A81A-AB37C4452CD6}.Deb|ARM.ActiveCfg = Debug|Any CPU
		{2A8114C2-3844-4A68-A81A-AB37C4452CD6}.Deb|ARM.Build.0 = Debug|Any CPU
		{2A8114C2-3844-4A68-A81A-AB37C4452CD6}.Deb|ARM64.ActiveCfg = Debug|Any CPU
		{2A8114C2-3844-4A68-A81A-AB37C4452CD6}.Deb|ARM64.Build.0 = Debug|Any CPU
		{2A8114C2-3844-4A68-A81A-AB37C4452CD6}.Deb|x64.ActiveCfg = Debug|Any CPU
		{2A8114C2-3844-4A68-A81A-AB37C4452CD6}.Deb|x64.Build.0 = Debug|Any CPU
		{2A8114C2-3844-4A68-A81A-AB37C4452CD6}.Deb|x86.ActiveCfg = Debug|x86
		{2A8114C2-3844-4A68-A81A-AB37C4452CD6}.Deb|x86.Build.0 = Debug|x86
		{2A8114C2-3844-4A68-A81A-AB37C4452CD6}.Debug|Any CPU.ActiveCfg = Debug|Any CPU
		{2A8114C2-3844-4A68-A81A-AB37C4452CD6}.Debug|Any CPU.Build.0 = Debug|Any CPU
		{2A8114C2-3844-4A68-A81A-AB37C4452CD6}.Debug|ARM.ActiveCfg = Debug|Any CPU
		{2A8114C2-3844-4A68-A81A-AB37C4452CD6}.Debug|ARM.Build.0 = Debug|Any CPU
		{2A8114C2-3844-4A68-A81A-AB37C4452CD6}.Debug|ARM64.ActiveCfg = Debug|Any CPU
		{2A8114C2-3844-4A68-A81A-AB37C4452CD6}.Debug|ARM64.Build.0 = Debug|Any CPU
		{2A8114C2-3844-4A68-A81A-AB37C4452CD6}.Debug|x64.ActiveCfg = Debug|Any CPU
		{2A8114C2-3844-4A68-A81A-AB37C4452CD6}.Debug|x64.Build.0 = Debug|Any CPU
		{2A8114C2-3844-4A68-A81A-AB37C4452CD6}.Debug|x86.ActiveCfg = Debug|x86
		{2A8114C2-3844-4A68-A81A-AB37C4452CD6}.Debug|x86.Build.0 = Debug|x86
		{2A8114C2-3844-4A68-A81A-AB37C4452CD6}.Release|Any CPU.ActiveCfg = Release|Any CPU
		{2A8114C2-3844-4A68-A81A-AB37C4452CD6}.Release|Any CPU.Build.0 = Release|Any CPU
		{2A8114C2-3844-4A68-A81A-AB37C4452CD6}.Release|ARM.ActiveCfg = Release|Any CPU
		{2A8114C2-3844-4A68-A81A-AB37C4452CD6}.Release|ARM.Build.0 = Release|Any CPU
		{2A8114C2-3844-4A68-A81A-AB37C4452CD6}.Release|ARM64.ActiveCfg = Release|Any CPU
		{2A8114C2-3844-4A68-A81A-AB37C4452CD6}.Release|ARM64.Build.0 = Release|Any CPU
		{2A8114C2-3844-4A68-A81A-AB37C4452CD6}.Release|x64.ActiveCfg = Release|Any CPU
		{2A8114C2-3844-4A68-A81A-AB37C4452CD6}.Release|x64.Build.0 = Release|Any CPU
		{2A8114C2-3844-4A68-A81A-AB37C4452CD6}.Release|x86.ActiveCfg = Release|x86
		{2A8114C2-3844-4A68-A81A-AB37C4452CD6}.Release|x86.Build.0 = Release|x86
		{DA4E61A8-AEF4-4608-823D-018C3C1043B8}.Deb|Any CPU.ActiveCfg = Debug|Any CPU
		{DA4E61A8-AEF4-4608-823D-018C3C1043B8}.Deb|Any CPU.Build.0 = Debug|Any CPU
		{DA4E61A8-AEF4-4608-823D-018C3C1043B8}.Deb|ARM.ActiveCfg = Debug|Any CPU
		{DA4E61A8-AEF4-4608-823D-018C3C1043B8}.Deb|ARM.Build.0 = Debug|Any CPU
		{DA4E61A8-AEF4-4608-823D-018C3C1043B8}.Deb|ARM64.ActiveCfg = Debug|Any CPU
		{DA4E61A8-AEF4-4608-823D-018C3C1043B8}.Deb|ARM64.Build.0 = Debug|Any CPU
		{DA4E61A8-AEF4-4608-823D-018C3C1043B8}.Deb|x64.ActiveCfg = Debug|Any CPU
		{DA4E61A8-AEF4-4608-823D-018C3C1043B8}.Deb|x64.Build.0 = Debug|Any CPU
		{DA4E61A8-AEF4-4608-823D-018C3C1043B8}.Deb|x86.ActiveCfg = Debug|Any CPU
		{DA4E61A8-AEF4-4608-823D-018C3C1043B8}.Deb|x86.Build.0 = Debug|Any CPU
		{DA4E61A8-AEF4-4608-823D-018C3C1043B8}.Debug|Any CPU.ActiveCfg = Debug|Any CPU
		{DA4E61A8-AEF4-4608-823D-018C3C1043B8}.Debug|Any CPU.Build.0 = Debug|Any CPU
		{DA4E61A8-AEF4-4608-823D-018C3C1043B8}.Debug|ARM.ActiveCfg = Debug|Any CPU
		{DA4E61A8-AEF4-4608-823D-018C3C1043B8}.Debug|ARM.Build.0 = Debug|Any CPU
		{DA4E61A8-AEF4-4608-823D-018C3C1043B8}.Debug|ARM64.ActiveCfg = Debug|Any CPU
		{DA4E61A8-AEF4-4608-823D-018C3C1043B8}.Debug|ARM64.Build.0 = Debug|Any CPU
		{DA4E61A8-AEF4-4608-823D-018C3C1043B8}.Debug|x64.ActiveCfg = Debug|Any CPU
		{DA4E61A8-AEF4-4608-823D-018C3C1043B8}.Debug|x64.Build.0 = Debug|Any CPU
		{DA4E61A8-AEF4-4608-823D-018C3C1043B8}.Debug|x86.ActiveCfg = Debug|Any CPU
		{DA4E61A8-AEF4-4608-823D-018C3C1043B8}.Debug|x86.Build.0 = Debug|Any CPU
		{DA4E61A8-AEF4-4608-823D-018C3C1043B8}.Release|Any CPU.ActiveCfg = Release|Any CPU
		{DA4E61A8-AEF4-4608-823D-018C3C1043B8}.Release|Any CPU.Build.0 = Release|Any CPU
		{DA4E61A8-AEF4-4608-823D-018C3C1043B8}.Release|ARM.ActiveCfg = Release|Any CPU
		{DA4E61A8-AEF4-4608-823D-018C3C1043B8}.Release|ARM.Build.0 = Release|Any CPU
		{DA4E61A8-AEF4-4608-823D-018C3C1043B8}.Release|ARM64.ActiveCfg = Release|Any CPU
		{DA4E61A8-AEF4-4608-823D-018C3C1043B8}.Release|ARM64.Build.0 = Release|Any CPU
		{DA4E61A8-AEF4-4608-823D-018C3C1043B8}.Release|x64.ActiveCfg = Release|Any CPU
		{DA4E61A8-AEF4-4608-823D-018C3C1043B8}.Release|x64.Build.0 = Release|Any CPU
		{DA4E61A8-AEF4-4608-823D-018C3C1043B8}.Release|x86.ActiveCfg = Release|Any CPU
		{DA4E61A8-AEF4-4608-823D-018C3C1043B8}.Release|x86.Build.0 = Release|Any CPU
	EndGlobalSection
	GlobalSection(SolutionProperties) = preSolution
		HideSolutionNode = FALSE
	EndGlobalSection
	GlobalSection(ExtensibilityGlobals) = postSolution
		SolutionGuid = {03FDA98D-1034-4001-8E05-B070BACE8527}
	EndGlobalSection
EndGlobal
