
Microsoft Visual Studio Solution File, Format Version 12.00
# Visual Studio Version 17
VisualStudioVersion = 17.0.31808.319
MinimumVisualStudioVersion = 10.0.40219.1
Project("{9A19103F-16F7-4668-BE54-9A1E7A4F7556}") = "ReloadPreview.Maui", "ReloadPreview.Maui\ReloadPreview.Maui.csproj", "{30BD6C95-22D6-4BF9-9DE7-EBA17CC30D45}"
EndProject
Project("{9A19103F-16F7-4668-BE54-9A1E7A4F7556}") = "ReloadPreview.Maui.CommandLine", "ReloadPreview.Maui.CommandLine\ReloadPreview.Maui.CommandLine.csproj", "{37E7650C-2346-4C90-8467-77909F63B721}"
EndProject
Project("{9A19103F-16F7-4668-BE54-9A1E7A4F7556}") = "ReloadPreview.Maui.Demo", "ReloadPreview.Maui.Demo\ReloadPreview.Maui.Demo.csproj", "{3E87A444-9CB7-4482-8C30-8504BB503365}"
EndProject
Project("{9A19103F-16F7-4668-BE54-9A1E7A4F7556}") = "ReloadPreview.Maui.Android.Demo", "ReloadPreview.Maui.Android.Demo\ReloadPreview.Maui.Android.Demo.csproj", "{09F8DFF6-02C4-457B-8BFC-7F040E47A5D6}"
EndProject
Global
	GlobalSection(SolutionConfigurationPlatforms) = preSolution
		Deb|Any CPU = Deb|Any CPU
		Deb|ARM = Deb|ARM
		Deb|ARM64 = Deb|ARM64
		Deb|x64 = Deb|x64
		Deb|x86 = Deb|x86
		Debug|Any CPU = Debug|Any CPU
		Debug|ARM = Debug|ARM
		Debug|ARM64 = Debug|ARM64
		Debug|x64 = Debug|x64
		Debug|x86 = Debug|x86
		Release|Any CPU = Release|Any CPU
		Release|ARM = Release|ARM
		Release|ARM64 = Release|ARM64
		Release|x64 = Release|x64
		Release|x86 = Release|x86
	EndGlobalSection
	GlobalSection(ProjectConfigurationPlatforms) = postSolution
		{30BD6C95-22D6-4BF9-9DE7-EBA17CC30D45}.Deb|Any CPU.ActiveCfg = Debug|Any CPU
		{30BD6C95-22D6-4BF9-9DE7-EBA17CC30D45}.Deb|Any CPU.Build.0 = Debug|Any CPU
		{30BD6C95-22D6-4BF9-9DE7-EBA17CC30D45}.Deb|ARM.ActiveCfg = Debug|Any CPU
		{30BD6C95-22D6-4BF9-9DE7-EBA17CC30D45}.Deb|ARM.Build.0 = Debug|Any CPU
		{30BD6C95-22D6-4BF9-9DE7-EBA17CC30D45}.Deb|ARM64.ActiveCfg = Debug|Any CPU
		{30BD6C95-22D6-4BF9-9DE7-EBA17CC30D45}.Deb|ARM64.Build.0 = Debug|Any CPU
		{30BD6C95-22D6-4BF9-9DE7-EBA17CC30D45}.Deb|x64.ActiveCfg = Debug|Any CPU
		{30BD6C95-22D6-4BF9-9DE7-EBA17CC30D45}.Deb|x64.Build.0 = Debug|Any CPU
		{30BD6C95-22D6-4BF9-9DE7-EBA17CC30D45}.Deb|x86.ActiveCfg = Debug|Any CPU
		{30BD6C95-22D6-4BF9-9DE7-EBA17CC30D45}.Deb|x86.Build.0 = Debug|Any CPU
		{30BD6C95-22D6-4BF9-9DE7-EBA17CC30D45}.Debug|Any CPU.ActiveCfg = Debug|Any CPU
		{30BD6C95-22D6-4BF9-9DE7-EBA17CC30D45}.Debug|Any CPU.Build.0 = Debug|Any CPU
		{30BD6C95-22D6-4BF9-9DE7-EBA17CC30D45}.Debug|ARM.ActiveCfg = Debug|Any CPU
		{30BD6C95-22D6-4BF9-9DE7-EBA17CC30D45}.Debug|ARM.Build.0 = Debug|Any CPU
		{30BD6C95-22D6-4BF9-9DE7-EBA17CC30D45}.Debug|ARM64.ActiveCfg = Debug|Any CPU
		{30BD6C95-22D6-4BF9-9DE7-EBA17CC30D45}.Debug|ARM64.Build.0 = Debug|Any CPU
		{30BD6C95-22D6-4BF9-9DE7-EBA17CC30D45}.Debug|x64.ActiveCfg = Debug|Any CPU
		{30BD6C95-22D6-4BF9-9DE7-EBA17CC30D45}.Debug|x64.Build.0 = Debug|Any CPU
		{30BD6C95-22D6-4BF9-9DE7-EBA17CC30D45}.Debug|x86.ActiveCfg = Debug|Any CPU
		{30BD6C95-22D6-4BF9-9DE7-EBA17CC30D45}.Debug|x86.Build.0 = Debug|Any CPU
		{30BD6C95-22D6-4BF9-9DE7-EBA17CC30D45}.Release|Any CPU.ActiveCfg = Release|Any CPU
		{30BD6C95-22D6-4BF9-9DE7-EBA17CC30D45}.Release|Any CPU.Build.0 = Release|Any CPU
		{30BD6C95-22D6-4BF9-9DE7-EBA17CC30D45}.Release|ARM.ActiveCfg = Release|Any CPU
		{30BD6C95-22D6-4BF9-9DE7-EBA17CC30D45}.Release|ARM.Build.0 = Release|Any CPU
		{30BD6C95-22D6-4BF9-9DE7-EBA17CC30D45}.Release|ARM64.ActiveCfg = Release|Any CPU
		{30BD6C95-22D6-4BF9-9DE7-EBA17CC30D45}.Release|ARM64.Build.0 = Release|Any CPU
		{30BD6C95-22D6-4BF9-9DE7-EBA17CC30D45}.Release|x64.ActiveCfg = Release|Any CPU
		{30BD6C95-22D6-4BF9-9DE7-EBA17CC30D45}.Release|x64.Build.0 = Release|Any CPU
		{30BD6C95-22D6-4BF9-9DE7-EBA17CC30D45}.Release|x86.ActiveCfg = Release|Any CPU
		{30BD6C95-22D6-4BF9-9DE7-EBA17CC30D45}.Release|x86.Build.0 = Release|Any CPU
		{37E7650C-2346-4C90-8467-77909F63B721}.Deb|Any CPU.ActiveCfg = Debug|Any CPU
		{37E7650C-2346-4C90-8467-77909F63B721}.Deb|Any CPU.Build.0 = Debug|Any CPU
		{37E7650C-2346-4C90-8467-77909F63B721}.Deb|ARM.ActiveCfg = Debug|Any CPU
		{37E7650C-2346-4C90-8467-77909F63B721}.Deb|ARM.Build.0 = Debug|Any CPU
		{37E7650C-2346-4C90-8467-77909F63B721}.Deb|ARM64.ActiveCfg = Debug|Any CPU
		{37E7650C-2346-4C90-8467-77909F63B721}.Deb|ARM64.Build.0 = Debug|Any CPU
		{37E7650C-2346-4C90-8467-77909F63B721}.Deb|x64.ActiveCfg = Debug|Any CPU
		{37E7650C-2346-4C90-8467-77909F63B721}.Deb|x64.Build.0 = Debug|Any CPU
		{37E7650C-2346-4C90-8467-77909F63B721}.Deb|x86.ActiveCfg = Debug|Any CPU
		{37E7650C-2346-4C90-8467-77909F63B721}.Deb|x86.Build.0 = Debug|Any CPU
		{37E7650C-2346-4C90-8467-77909F63B721}.Debug|Any CPU.ActiveCfg = Debug|Any CPU
		{37E7650C-2346-4C90-8467-77909F63B721}.Debug|Any CPU.Build.0 = Debug|Any CPU
		{37E7650C-2346-4C90-8467-77909F63B721}.Debug|ARM.ActiveCfg = Debug|Any CPU
		{37E7650C-2346-4C90-8467-77909F63B721}.Debug|ARM.Build.0 = Debug|Any CPU
		{37E7650C-2346-4C90-8467-77909F63B721}.Debug|ARM64.ActiveCfg = Debug|Any CPU
		{37E7650C-2346-4C90-8467-77909F63B721}.Debug|ARM64.Build.0 = Debug|Any CPU
		{37E7650C-2346-4C90-8467-77909F63B721}.Debug|x64.ActiveCfg = Debug|Any CPU
		{37E7650C-2346-4C90-8467-77909F63B721}.Debug|x64.Build.0 = Debug|Any CPU
		{37E7650C-2346-4C90-8467-77909F63B721}.Debug|x86.ActiveCfg = Debug|Any CPU
		{37E7650C-2346-4C90-8467-77909F63B721}.Debug|x86.Build.0 = Debug|Any CPU
		{37E7650C-2346-4C90-8467-77909F63B721}.Release|Any CPU.ActiveCfg = Release|Any CPU
		{37E7650C-2346-4C90-8467-77909F63B721}.Release|Any CPU.Build.0 = Release|Any CPU
		{37E7650C-2346-4C90-8467-77909F63B721}.Release|ARM.ActiveCfg = Release|Any CPU
		{37E7650C-2346-4C90-8467-77909F63B721}.Release|ARM.Build.0 = Release|Any CPU
		{37E7650C-2346-4C90-8467-77909F63B721}.Release|ARM64.ActiveCfg = Release|Any CPU
		{37E7650C-2346-4C90-8467-77909F63B721}.Release|ARM64.Build.0 = Release|Any CPU
		{37E7650C-2346-4C90-8467-77909F63B721}.Release|x64.ActiveCfg = Release|Any CPU
		{37E7650C-2346-4C90-8467-77909F63B721}.Release|x64.Build.0 = Release|Any CPU
		{37E7650C-2346-4C90-8467-77909F63B721}.Release|x86.ActiveCfg = Release|Any CPU
		{37E7650C-2346-4C90-8467-77909F63B721}.Release|x86.Build.0 = Release|Any CPU
		{3E87A444-9CB7-4482-8C30-8504BB503365}.Deb|Any CPU.ActiveCfg = Debug|Any CPU
		{3E87A444-9CB7-4482-8C30-8504BB503365}.Deb|Any CPU.Build.0 = Debug|Any CPU
		{3E87A444-9CB7-4482-8C30-8504BB503365}.Deb|Any CPU.Deploy.0 = Debug|Any CPU
		{3E87A444-9CB7-4482-8C30-8504BB503365}.Deb|ARM.ActiveCfg = Debug|Any CPU
		{3E87A444-9CB7-4482-8C30-8504BB503365}.Deb|ARM.Build.0 = Debug|Any CPU
		{3E87A444-9CB7-4482-8C30-8504BB503365}.Deb|ARM.Deploy.0 = Debug|Any CPU
		{3E87A444-9CB7-4482-8C30-8504BB503365}.Deb|ARM64.ActiveCfg = Debug|Any CPU
		{3E87A444-9CB7-4482-8C30-8504BB503365}.Deb|ARM64.Build.0 = Debug|Any CPU
		{3E87A444-9CB7-4482-8C30-8504BB503365}.Deb|ARM64.Deploy.0 = Debug|Any CPU
		{3E87A444-9CB7-4482-8C30-8504BB503365}.Deb|x64.ActiveCfg = Debug|Any CPU
		{3E87A444-9CB7-4482-8C30-8504BB503365}.Deb|x64.Build.0 = Debug|Any CPU
		{3E87A444-9CB7-4482-8C30-8504BB503365}.Deb|x64.Deploy.0 = Debug|Any CPU
		{3E87A444-9CB7-4482-8C30-8504BB503365}.Deb|x86.ActiveCfg = Debug|Any CPU
		{3E87A444-9CB7-4482-8C30-8504BB503365}.Deb|x86.Build.0 = Debug|Any CPU
		{3E87A444-9CB7-4482-8C30-8504BB503365}.Deb|x86.Deploy.0 = Debug|Any CPU
		{3E87A444-9CB7-4482-8C30-8504BB503365}.Debug|Any CPU.ActiveCfg = Debug|Any CPU
		{3E87A444-9CB7-4482-8C30-8504BB503365}.Debug|Any CPU.Build.0 = Debug|Any CPU
		{3E87A444-9CB7-4482-8C30-8504BB503365}.Debug|Any CPU.Deploy.0 = Debug|Any CPU
		{3E87A444-9CB7-4482-8C30-8504BB503365}.Debug|ARM.ActiveCfg = Debug|Any CPU
		{3E87A444-9CB7-4482-8C30-8504BB503365}.Debug|ARM.Build.0 = Debug|Any CPU
		{3E87A444-9CB7-4482-8C30-8504BB503365}.Debug|ARM.Deploy.0 = Debug|Any CPU
		{3E87A444-9CB7-4482-8C30-8504BB503365}.Debug|ARM64.ActiveCfg = Debug|Any CPU
		{3E87A444-9CB7-4482-8C30-8504BB503365}.Debug|ARM64.Build.0 = Debug|Any CPU
		{3E87A444-9CB7-4482-8C30-8504BB503365}.Debug|ARM64.Deploy.0 = Debug|Any CPU
		{3E87A444-9CB7-4482-8C30-8504BB503365}.Debug|x64.ActiveCfg = Debug|Any CPU
		{3E87A444-9CB7-4482-8C30-8504BB503365}.Debug|x64.Build.0 = Debug|Any CPU
		{3E87A444-9CB7-4482-8C30-8504BB503365}.Debug|x64.Deploy.0 = Debug|Any CPU
		{3E87A444-9CB7-4482-8C30-8504BB503365}.Debug|x86.ActiveCfg = Debug|Any CPU
		{3E87A444-9CB7-4482-8C30-8504BB503365}.Debug|x86.Build.0 = Debug|Any CPU
		{3E87A444-9CB7-4482-8C30-8504BB503365}.Debug|x86.Deploy.0 = Debug|Any CPU
		{3E87A444-9CB7-4482-8C30-8504BB503365}.Release|Any CPU.ActiveCfg = Release|Any CPU
		{3E87A444-9CB7-4482-8C30-8504BB503365}.Release|Any CPU.Build.0 = Release|Any CPU
		{3E87A444-9CB7-4482-8C30-8504BB503365}.Release|Any CPU.Deploy.0 = Release|Any CPU
		{3E87A444-9CB7-4482-8C30-8504BB503365}.Release|ARM.ActiveCfg = Release|Any CPU
		{3E87A444-9CB7-4482-8C30-8504BB503365}.Release|ARM.Build.0 = Release|Any CPU
		{3E87A444-9CB7-4482-8C30-8504BB503365}.Release|ARM.Deploy.0 = Release|Any CPU
		{3E87A444-9CB7-4482-8C30-8504BB503365}.Release|ARM64.ActiveCfg = Release|Any CPU
		{3E87A444-9CB7-4482-8C30-8504BB503365}.Release|ARM64.Build.0 = Release|Any CPU
		{3E87A444-9CB7-4482-8C30-8504BB503365}.Release|ARM64.Deploy.0 = Release|Any CPU
		{3E87A444-9CB7-4482-8C30-8504BB503365}.Release|x64.ActiveCfg = Release|Any CPU
		{3E87A444-9CB7-4482-8C30-8504BB503365}.Release|x64.Build.0 = Release|Any CPU
		{3E87A444-9CB7-4482-8C30-8504BB503365}.Release|x64.Deploy.0 = Release|Any CPU
		{3E87A444-9CB7-4482-8C30-8504BB503365}.Release|x86.ActiveCfg = Release|Any CPU
		{3E87A444-9CB7-4482-8C30-8504BB503365}.Release|x86.Build.0 = Release|Any CPU
		{3E87A444-9CB7-4482-8C30-8504BB503365}.Release|x86.Deploy.0 = Release|Any CPU
		{09F8DFF6-02C4-457B-8BFC-7F040E47A5D6}.Deb|Any CPU.ActiveCfg = Debug|Any CPU
		{09F8DFF6-02C4-457B-8BFC-7F040E47A5D6}.Deb|Any CPU.Build.0 = Debug|Any CPU
		{09F8DFF6-02C4-457B-8BFC-7F040E47A5D6}.Deb|Any CPU.Deploy.0 = Debug|Any CPU
		{09F8DFF6-02C4-457B-8BFC-7F040E47A5D6}.Deb|ARM.ActiveCfg = Debug|Any CPU
		{09F8DFF6-02C4-457B-8BFC-7F040E47A5D6}.Deb|ARM.Build.0 = Debug|Any CPU
		{09F8DFF6-02C4-457B-8BFC-7F040E47A5D6}.Deb|ARM.Deploy.0 = Debug|Any CPU
		{09F8DFF6-02C4-457B-8BFC-7F040E47A5D6}.Deb|ARM64.ActiveCfg = Debug|Any CPU
		{09F8DFF6-02C4-457B-8BFC-7F040E47A5D6}.Deb|ARM64.Build.0 = Debug|Any CPU
		{09F8DFF6-02C4-457B-8BFC-7F040E47A5D6}.Deb|ARM64.Deploy.0 = Debug|Any CPU
		{09F8DFF6-02C4-457B-8BFC-7F040E47A5D6}.Deb|x64.ActiveCfg = Debug|Any CPU
		{09F8DFF6-02C4-457B-8BFC-7F040E47A5D6}.Deb|x64.Build.0 = Debug|Any CPU
		{09F8DFF6-02C4-457B-8BFC-7F040E47A5D6}.Deb|x64.Deploy.0 = Debug|Any CPU
		{09F8DFF6-02C4-457B-8BFC-7F040E47A5D6}.Deb|x86.ActiveCfg = Debug|Any CPU
		{09F8DFF6-02C4-457B-8BFC-7F040E47A5D6}.Deb|x86.Build.0 = Debug|Any CPU
		{09F8DFF6-02C4-457B-8BFC-7F040E47A5D6}.Deb|x86.Deploy.0 = Debug|Any CPU
		{09F8DFF6-02C4-457B-8BFC-7F040E47A5D6}.Debug|Any CPU.ActiveCfg = Debug|Any CPU
		{09F8DFF6-02C4-457B-8BFC-7F040E47A5D6}.Debug|Any CPU.Build.0 = Debug|Any CPU
		{09F8DFF6-02C4-457B-8BFC-7F040E47A5D6}.Debug|Any CPU.Deploy.0 = Debug|Any CPU
		{09F8DFF6-02C4-457B-8BFC-7F040E47A5D6}.Debug|ARM.ActiveCfg = Debug|Any CPU
		{09F8DFF6-02C4-457B-8BFC-7F040E47A5D6}.Debug|ARM.Build.0 = Debug|Any CPU
		{09F8DFF6-02C4-457B-8BFC-7F040E47A5D6}.Debug|ARM.Deploy.0 = Debug|Any CPU
		{09F8DFF6-02C4-457B-8BFC-7F040E47A5D6}.Debug|ARM64.ActiveCfg = Debug|Any CPU
		{09F8DFF6-02C4-457B-8BFC-7F040E47A5D6}.Debug|ARM64.Build.0 = Debug|Any CPU
		{09F8DFF6-02C4-457B-8BFC-7F040E47A5D6}.Debug|ARM64.Deploy.0 = Debug|Any CPU
		{09F8DFF6-02C4-457B-8BFC-7F040E47A5D6}.Debug|x64.ActiveCfg = Debug|Any CPU
		{09F8DFF6-02C4-457B-8BFC-7F040E47A5D6}.Debug|x64.Build.0 = Debug|Any CPU
		{09F8DFF6-02C4-457B-8BFC-7F040E47A5D6}.Debug|x64.Deploy.0 = Debug|Any CPU
		{09F8DFF6-02C4-457B-8BFC-7F040E47A5D6}.Debug|x86.ActiveCfg = Debug|Any CPU
		{09F8DFF6-02C4-457B-8BFC-7F040E47A5D6}.Debug|x86.Build.0 = Debug|Any CPU
		{09F8DFF6-02C4-457B-8BFC-7F040E47A5D6}.Debug|x86.Deploy.0 = Debug|Any CPU
		{09F8DFF6-02C4-457B-8BFC-7F040E47A5D6}.Release|Any CPU.ActiveCfg = Release|Any CPU
		{09F8DFF6-02C4-457B-8BFC-7F040E47A5D6}.Release|Any CPU.Build.0 = Release|Any CPU
		{09F8DFF6-02C4-457B-8BFC-7F040E47A5D6}.Release|Any CPU.Deploy.0 = Release|Any CPU
		{09F8DFF6-02C4-457B-8BFC-7F040E47A5D6}.Release|ARM.ActiveCfg = Release|Any CPU
		{09F8DFF6-02C4-457B-8BFC-7F040E47A5D6}.Release|ARM.Build.0 = Release|Any CPU
		{09F8DFF6-02C4-457B-8BFC-7F040E47A5D6}.Release|ARM.Deploy.0 = Release|Any CPU
		{09F8DFF6-02C4-457B-8BFC-7F040E47A5D6}.Release|ARM64.ActiveCfg = Release|Any CPU
		{09F8DFF6-02C4-457B-8BFC-7F040E47A5D6}.Release|ARM64.Build.0 = Release|Any CPU
		{09F8DFF6-02C4-457B-8BFC-7F040E47A5D6}.Release|ARM64.Deploy.0 = Release|Any CPU
		{09F8DFF6-02C4-457B-8BFC-7F040E47A5D6}.Release|x64.ActiveCfg = Release|Any CPU
		{09F8DFF6-02C4-457B-8BFC-7F040E47A5D6}.Release|x64.Build.0 = Release|Any CPU
		{09F8DFF6-02C4-457B-8BFC-7F040E47A5D6}.Release|x64.Deploy.0 = Release|Any CPU
		{09F8DFF6-02C4-457B-8BFC-7F040E47A5D6}.Release|x86.ActiveCfg = Release|Any CPU
		{09F8DFF6-02C4-457B-8BFC-7F040E47A5D6}.Release|x86.Build.0 = Release|Any CPU
		{09F8DFF6-02C4-457B-8BFC-7F040E47A5D6}.Release|x86.Deploy.0 = Release|Any CPU
	EndGlobalSection
	GlobalSection(SolutionProperties) = preSolution
		HideSolutionNode = FALSE
	EndGlobalSection
	GlobalSection(ExtensibilityGlobals) = postSolution
		SolutionGuid = {03FDA98D-1034-4001-8E05-B070BACE8527}
	EndGlobalSection
EndGlobal
